
Microsoft Visual Studio Solution File, Format Version 12.00
# Visual Studio Version 17
VisualStudioVersion = 17.5.33502.453
MinimumVisualStudioVersion = 10.0.40219.1
Project("{2150E333-8FDC-42A3-9474-1A3956D46DE8}") = "Catalog", "Catalog", "{6E5A4C21-660F-46D4-8C01-B59492763188}"
EndProject
Project("{9A19103F-16F7-4668-BE54-9A1E7A4F7556}") = "Catalog.API", "Catalog.API\Catalog.API.csproj", "{0C081DDD-A50C-4C6C-9B64-E7F49DE904BE}"
EndProject
Project("{E53339B2-1760-4266-BCC7-CA923CBCF16C}") = "docker-compose", "docker-compose.dcproj", "{EB924880-F145-4087-8853-F34CE8B18CB3}"
EndProject
Project("{2150E333-8FDC-42A3-9474-1A3956D46DE8}") = "Basket", "Basket", "{65B88B69-A9CE-4651-A8A6-939F9BF3BC62}"
EndProject
Project("{9A19103F-16F7-4668-BE54-9A1E7A4F7556}") = "Basket.API", "Basket.API\Basket.API.csproj", "{68BF2EDC-81E1-4DA0-879A-46501A6DF7A3}"
EndProject
Project("{2150E333-8FDC-42A3-9474-1A3956D46DE8}") = "Ordering", "Ordering", "{D52A230B-8EFF-48BF-8705-CCD165052A0F}"
EndProject
Project("{9A19103F-16F7-4668-BE54-9A1E7A4F7556}") = "Order.API", "Order.API\Order.API.csproj", "{89525700-F59B-4B63-8678-2C25620B2617}"
EndProject
Project("{9A19103F-16F7-4668-BE54-9A1E7A4F7556}") = "Order.Domain", "Order.Domain\Order.Domain.csproj", "{83731C9B-5902-42FE-9A65-12B0E2E2B4D4}"
EndProject
Project("{9A19103F-16F7-4668-BE54-9A1E7A4F7556}") = "Order.Application", "Order.Application\Order.Application.csproj", "{9ADEED93-A140-4C64-A966-442954A450A3}"
EndProject
Project("{9A19103F-16F7-4668-BE54-9A1E7A4F7556}") = "Order.Infrastructure", "Order.Infrastructure\Order.Infrastructure.csproj", "{307516AC-5786-4F36-9B8C-389043618B9B}"
EndProject
Project("{2150E333-8FDC-42A3-9474-1A3956D46DE8}") = "Services", "Services", "{9B91B961-ECA0-418A-9D93-3FD9020188FC}"
EndProject
Project("{2150E333-8FDC-42A3-9474-1A3956D46DE8}") = "BuildingBlocks", "BuildingBlocks", "{34DEE29D-4AD2-42C7-9C41-0D639FCA5024}"
EndProject
Project("{9A19103F-16F7-4668-BE54-9A1E7A4F7556}") = "BrokerMessagesR", "BuildingBlocks\EventBus.Messages\BrokerMessagesR.csproj", "{417E9D33-0CC2-49A9-BA8D-26B5EA629DA4}"
EndProject
Project("{9A19103F-16F7-4668-BE54-9A1E7A4F7556}") = "SpecMapperR", "..\SpecMapperR\SpecMapperR.csproj", "{4A072C1B-09EC-4692-B8DF-E1F3B8DFCDE9}"
EndProject
Project("{2150E333-8FDC-42A3-9474-1A3956D46DE8}") = "ApiGateways", "ApiGateways", "{5FAECC09-4100-4F58-A972-FF8B09E2B9C1}"
EndProject
Project("{9A19103F-16F7-4668-BE54-9A1E7A4F7556}") = "OcelotApiGateway", "ApiGateways\OcelotApiGateway\OcelotApiGateway.csproj", "{1E5CC08E-947A-422C-A41C-0D89B15AD292}"
EndProject
Project("{9A19103F-16F7-4668-BE54-9A1E7A4F7556}") = "Shopping.Aggregator", "ApiGateways\Shopping.Aggregator\Shopping.Aggregator.csproj", "{2517FCEA-FD83-4007-AC64-01F5F432296B}"
EndProject
Project("{2150E333-8FDC-42A3-9474-1A3956D46DE8}") = "WebApps", "WebApps", "{B5518981-3EC1-4582-8060-4F2B9D65D41D}"
EndProject
Project("{9A19103F-16F7-4668-BE54-9A1E7A4F7556}") = "EcomWebApp", "WebApps\EcomWebApp\EcomWebApp.csproj", "{F022881E-8AB8-4823-803B-A1C16CFDE690}"
EndProject
Project("{2150E333-8FDC-42A3-9474-1A3956D46DE8}") = "Discount", "Discount", "{52B860BA-8F6C-4D90-B6BE-15E563C21844}"
EndProject
Project("{9A19103F-16F7-4668-BE54-9A1E7A4F7556}") = "Discount.API", "Discount.API\Discount.API.csproj", "{D610C5BF-7279-4E25-8716-1E34F6CAA879}"
EndProject
Project("{9A19103F-16F7-4668-BE54-9A1E7A4F7556}") = "DIscount.Grpc", "DIscount.Grpc\DIscount.Grpc.csproj", "{A2073980-808C-4072-AAAD-211713017A0C}"
EndProject
Global
	GlobalSection(SolutionConfigurationPlatforms) = preSolution
		Debug|Any CPU = Debug|Any CPU
		Release|Any CPU = Release|Any CPU
	EndGlobalSection
	GlobalSection(ProjectConfigurationPlatforms) = postSolution
		{0C081DDD-A50C-4C6C-9B64-E7F49DE904BE}.Debug|Any CPU.ActiveCfg = Debug|Any CPU
		{0C081DDD-A50C-4C6C-9B64-E7F49DE904BE}.Debug|Any CPU.Build.0 = Debug|Any CPU
		{0C081DDD-A50C-4C6C-9B64-E7F49DE904BE}.Release|Any CPU.ActiveCfg = Release|Any CPU
		{0C081DDD-A50C-4C6C-9B64-E7F49DE904BE}.Release|Any CPU.Build.0 = Release|Any CPU
		{EB924880-F145-4087-8853-F34CE8B18CB3}.Debug|Any CPU.ActiveCfg = Debug|Any CPU
		{EB924880-F145-4087-8853-F34CE8B18CB3}.Debug|Any CPU.Build.0 = Debug|Any CPU
		{EB924880-F145-4087-8853-F34CE8B18CB3}.Release|Any CPU.ActiveCfg = Release|Any CPU
		{EB924880-F145-4087-8853-F34CE8B18CB3}.Release|Any CPU.Build.0 = Release|Any CPU
		{68BF2EDC-81E1-4DA0-879A-46501A6DF7A3}.Debug|Any CPU.ActiveCfg = Debug|Any CPU
		{68BF2EDC-81E1-4DA0-879A-46501A6DF7A3}.Debug|Any CPU.Build.0 = Debug|Any CPU
		{68BF2EDC-81E1-4DA0-879A-46501A6DF7A3}.Release|Any CPU.ActiveCfg = Release|Any CPU
		{68BF2EDC-81E1-4DA0-879A-46501A6DF7A3}.Release|Any CPU.Build.0 = Release|Any CPU
		{89525700-F59B-4B63-8678-2C25620B2617}.Debug|Any CPU.ActiveCfg = Debug|Any CPU
		{89525700-F59B-4B63-8678-2C25620B2617}.Debug|Any CPU.Build.0 = Debug|Any CPU
		{89525700-F59B-4B63-8678-2C25620B2617}.Release|Any CPU.ActiveCfg = Release|Any CPU
		{89525700-F59B-4B63-8678-2C25620B2617}.Release|Any CPU.Build.0 = Release|Any CPU
		{83731C9B-5902-42FE-9A65-12B0E2E2B4D4}.Debug|Any CPU.ActiveCfg = Debug|Any CPU
		{83731C9B-5902-42FE-9A65-12B0E2E2B4D4}.Debug|Any CPU.Build.0 = Debug|Any CPU
		{83731C9B-5902-42FE-9A65-12B0E2E2B4D4}.Release|Any CPU.ActiveCfg = Release|Any CPU
		{83731C9B-5902-42FE-9A65-12B0E2E2B4D4}.Release|Any CPU.Build.0 = Release|Any CPU
		{9ADEED93-A140-4C64-A966-442954A450A3}.Debug|Any CPU.ActiveCfg = Debug|Any CPU
		{9ADEED93-A140-4C64-A966-442954A450A3}.Debug|Any CPU.Build.0 = Debug|Any CPU
		{9ADEED93-A140-4C64-A966-442954A450A3}.Release|Any CPU.ActiveCfg = Release|Any CPU
		{9ADEED93-A140-4C64-A966-442954A450A3}.Release|Any CPU.Build.0 = Release|Any CPU
		{307516AC-5786-4F36-9B8C-389043618B9B}.Debug|Any CPU.ActiveCfg = Debug|Any CPU
		{307516AC-5786-4F36-9B8C-389043618B9B}.Debug|Any CPU.Build.0 = Debug|Any CPU
		{307516AC-5786-4F36-9B8C-389043618B9B}.Release|Any CPU.ActiveCfg = Release|Any CPU
		{307516AC-5786-4F36-9B8C-389043618B9B}.Release|Any CPU.Build.0 = Release|Any CPU
		{417E9D33-0CC2-49A9-BA8D-26B5EA629DA4}.Debug|Any CPU.ActiveCfg = Debug|Any CPU
		{417E9D33-0CC2-49A9-BA8D-26B5EA629DA4}.Debug|Any CPU.Build.0 = Debug|Any CPU
		{417E9D33-0CC2-49A9-BA8D-26B5EA629DA4}.Release|Any CPU.ActiveCfg = Release|Any CPU
		{417E9D33-0CC2-49A9-BA8D-26B5EA629DA4}.Release|Any CPU.Build.0 = Release|Any CPU
		{4A072C1B-09EC-4692-B8DF-E1F3B8DFCDE9}.Debug|Any CPU.ActiveCfg = Debug|Any CPU
		{4A072C1B-09EC-4692-B8DF-E1F3B8DFCDE9}.Debug|Any CPU.Build.0 = Debug|Any CPU
		{4A072C1B-09EC-4692-B8DF-E1F3B8DFCDE9}.Release|Any CPU.ActiveCfg = Release|Any CPU
		{4A072C1B-09EC-4692-B8DF-E1F3B8DFCDE9}.Release|Any CPU.Build.0 = Release|Any CPU
		{1E5CC08E-947A-422C-A41C-0D89B15AD292}.Debug|Any CPU.ActiveCfg = Debug|Any CPU
		{1E5CC08E-947A-422C-A41C-0D89B15AD292}.Debug|Any CPU.Build.0 = Debug|Any CPU
		{1E5CC08E-947A-422C-A41C-0D89B15AD292}.Release|Any CPU.ActiveCfg = Release|Any CPU
		{1E5CC08E-947A-422C-A41C-0D89B15AD292}.Release|Any CPU.Build.0 = Release|Any CPU
		{2517FCEA-FD83-4007-AC64-01F5F432296B}.Debug|Any CPU.ActiveCfg = Debug|Any CPU
		{2517FCEA-FD83-4007-AC64-01F5F432296B}.Debug|Any CPU.Build.0 = Debug|Any CPU
		{2517FCEA-FD83-4007-AC64-01F5F432296B}.Release|Any CPU.ActiveCfg = Release|Any CPU
		{2517FCEA-FD83-4007-AC64-01F5F432296B}.Release|Any CPU.Build.0 = Release|Any CPU
		{F022881E-8AB8-4823-803B-A1C16CFDE690}.Debug|Any CPU.ActiveCfg = Debug|Any CPU
		{F022881E-8AB8-4823-803B-A1C16CFDE690}.Debug|Any CPU.Build.0 = Debug|Any CPU
		{F022881E-8AB8-4823-803B-A1C16CFDE690}.Release|Any CPU.ActiveCfg = Release|Any CPU
		{F022881E-8AB8-4823-803B-A1C16CFDE690}.Release|Any CPU.Build.0 = Release|Any CPU
		{D610C5BF-7279-4E25-8716-1E34F6CAA879}.Debug|Any CPU.ActiveCfg = Debug|Any CPU
		{D610C5BF-7279-4E25-8716-1E34F6CAA879}.Debug|Any CPU.Build.0 = Debug|Any CPU
		{D610C5BF-7279-4E25-8716-1E34F6CAA879}.Release|Any CPU.ActiveCfg = Release|Any CPU
		{D610C5BF-7279-4E25-8716-1E34F6CAA879}.Release|Any CPU.Build.0 = Release|Any CPU
		{A2073980-808C-4072-AAAD-211713017A0C}.Debug|Any CPU.ActiveCfg = Debug|Any CPU
		{A2073980-808C-4072-AAAD-211713017A0C}.Debug|Any CPU.Build.0 = Debug|Any CPU
		{A2073980-808C-4072-AAAD-211713017A0C}.Release|Any CPU.ActiveCfg = Release|Any CPU
		{A2073980-808C-4072-AAAD-211713017A0C}.Release|Any CPU.Build.0 = Release|Any CPU
	EndGlobalSection
	GlobalSection(SolutionProperties) = preSolution
		HideSolutionNode = FALSE
	EndGlobalSection
	GlobalSection(NestedProjects) = preSolution
		{6E5A4C21-660F-46D4-8C01-B59492763188} = {9B91B961-ECA0-418A-9D93-3FD9020188FC}
		{0C081DDD-A50C-4C6C-9B64-E7F49DE904BE} = {6E5A4C21-660F-46D4-8C01-B59492763188}
		{65B88B69-A9CE-4651-A8A6-939F9BF3BC62} = {9B91B961-ECA0-418A-9D93-3FD9020188FC}
		{68BF2EDC-81E1-4DA0-879A-46501A6DF7A3} = {65B88B69-A9CE-4651-A8A6-939F9BF3BC62}
		{D52A230B-8EFF-48BF-8705-CCD165052A0F} = {9B91B961-ECA0-418A-9D93-3FD9020188FC}
		{89525700-F59B-4B63-8678-2C25620B2617} = {D52A230B-8EFF-48BF-8705-CCD165052A0F}
		{83731C9B-5902-42FE-9A65-12B0E2E2B4D4} = {D52A230B-8EFF-48BF-8705-CCD165052A0F}
		{9ADEED93-A140-4C64-A966-442954A450A3} = {D52A230B-8EFF-48BF-8705-CCD165052A0F}
		{307516AC-5786-4F36-9B8C-389043618B9B} = {D52A230B-8EFF-48BF-8705-CCD165052A0F}
		{417E9D33-0CC2-49A9-BA8D-26B5EA629DA4} = {34DEE29D-4AD2-42C7-9C41-0D639FCA5024}
		{4A072C1B-09EC-4692-B8DF-E1F3B8DFCDE9} = {34DEE29D-4AD2-42C7-9C41-0D639FCA5024}
		{1E5CC08E-947A-422C-A41C-0D89B15AD292} = {5FAECC09-4100-4F58-A972-FF8B09E2B9C1}
		{2517FCEA-FD83-4007-AC64-01F5F432296B} = {5FAECC09-4100-4F58-A972-FF8B09E2B9C1}
		{F022881E-8AB8-4823-803B-A1C16CFDE690} = {B5518981-3EC1-4582-8060-4F2B9D65D41D}
		{52B860BA-8F6C-4D90-B6BE-15E563C21844} = {9B91B961-ECA0-418A-9D93-3FD9020188FC}
		{D610C5BF-7279-4E25-8716-1E34F6CAA879} = {52B860BA-8F6C-4D90-B6BE-15E563C21844}
		{A2073980-808C-4072-AAAD-211713017A0C} = {52B860BA-8F6C-4D90-B6BE-15E563C21844}
	EndGlobalSection
	GlobalSection(ExtensibilityGlobals) = postSolution
		SolutionGuid = {D96C3768-0658-41A9-B169-863161866145}
	EndGlobalSection
EndGlobal
